
Microsoft Visual Studio Solution File, Format Version 12.00
# Visual Studio 14
VisualStudioVersion = 14.0.25420.1
MinimumVisualStudioVersion = 10.0.40219.1
Project("{FAE04EC0-301F-11D3-BF4B-00C04F79EFBC}") = "TokenBox", "TokenBox\TokenBox.csproj", "{4D98F129-FE66-42C8-A2B6-E2AE0F436DF3}"
EndProject
Project("{FAE04EC0-301F-11D3-BF4B-00C04F79EFBC}") = "TokenBoxExample", "TokenBoxExample\TokenBoxExample.csproj", "{8C39DD0C-C6C2-4AB9-8685-E441704AC45B}"
EndProject
Global
	GlobalSection(SolutionConfigurationPlatforms) = preSolution
		Debug|Any CPU = Debug|Any CPU
		Release|Any CPU = Release|Any CPU
	EndGlobalSection
	GlobalSection(ProjectConfigurationPlatforms) = postSolution
		{4D98F129-FE66-42C8-A2B6-E2AE0F436DF3}.Debug|Any CPU.ActiveCfg = Debug|Any CPU
		{4D98F129-FE66-42C8-A2B6-E2AE0F436DF3}.Debug|Any CPU.Build.0 = Debug|Any CPU
		{4D98F129-FE66-42C8-A2B6-E2AE0F436DF3}.Release|Any CPU.ActiveCfg = Release|Any CPU
		{4D98F129-FE66-42C8-A2B6-E2AE0F436DF3}.Release|Any CPU.Build.0 = Release|Any CPU
		{8C39DD0C-C6C2-4AB9-8685-E441704AC45B}.Debug|Any CPU.ActiveCfg = Debug|Any CPU
		{8C39DD0C-C6C2-4AB9-8685-E441704AC45B}.Debug|Any CPU.Build.0 = Debug|Any CPU
		{8C39DD0C-C6C2-4AB9-8685-E441704AC45B}.Release|Any CPU.ActiveCfg = Release|Any CPU
		{8C39DD0C-C6C2-4AB9-8685-E441704AC45B}.Release|Any CPU.Build.0 = Release|Any CPU
	EndGlobalSection
	GlobalSection(SolutionProperties) = preSolution
		HideSolutionNode = FALSE
	EndGlobalSection
EndGlobal
